// !$*UTF8*$!
{
	archiveVersion = 1;
	classes = {
	};
	objectVersion = 50;
	objects = {

/* Begin PBXBuildFile section */
		3C1EE59F266409AD001680C8 /* Info.swift in Sources */ = {isa = PBXBuildFile; fileRef = 3C1EE59E266409AD001680C8 /* Info.swift */; };
		3C1EE5A226640C6E001680C8 /* informationViewController.swift in Sources */ = {isa = PBXBuildFile; fileRef = 3C1EE5A126640C6E001680C8 /* informationViewController.swift */; };
		3C1EE5A526641090001680C8 /* factsViewController.swift in Sources */ = {isa = PBXBuildFile; fileRef = 3C1EE5A426641090001680C8 /* factsViewController.swift */; };
		3C1EE5A8266411BE001680C8 /* facts.swift in Sources */ = {isa = PBXBuildFile; fileRef = 3C1EE5A7266411BE001680C8 /* facts.swift */; };
		3CCB6C4326601A4900032866 /* AppDelegate.swift in Sources */ = {isa = PBXBuildFile; fileRef = 3CCB6C4226601A4900032866 /* AppDelegate.swift */; };
		3CCB6C4526601A4900032866 /* SceneDelegate.swift in Sources */ = {isa = PBXBuildFile; fileRef = 3CCB6C4426601A4900032866 /* SceneDelegate.swift */; };
		3CCB6C4726601A4900032866 /* ViewController.swift in Sources */ = {isa = PBXBuildFile; fileRef = 3CCB6C4626601A4900032866 /* ViewController.swift */; };
		3CCB6C4A26601A4900032866 /* Main.storyboard in Resources */ = {isa = PBXBuildFile; fileRef = 3CCB6C4826601A4900032866 /* Main.storyboard */; };
		3CCB6C4C26601A4A00032866 /* Assets.xcassets in Resources */ = {isa = PBXBuildFile; fileRef = 3CCB6C4B26601A4A00032866 /* Assets.xcassets */; };
		3CCB6C4F26601A4A00032866 /* LaunchScreen.storyboard in Resources */ = {isa = PBXBuildFile; fileRef = 3CCB6C4D26601A4A00032866 /* LaunchScreen.storyboard */; };
		3CE9E3332660BC990069A7FF /* welcomeViewController.swift in Sources */ = {isa = PBXBuildFile; fileRef = 3CE9E3322660BC990069A7FF /* welcomeViewController.swift */; };
/* End PBXBuildFile section */

/* Begin PBXFileReference section */
		3C1EE59E266409AD001680C8 /* Info.swift */ = {isa = PBXFileReference; lastKnownFileType = sourcecode.swift; path = Info.swift; sourceTree = "<group>"; };
		3C1EE5A126640C6E001680C8 /* informationViewController.swift */ = {isa = PBXFileReference; lastKnownFileType = sourcecode.swift; path = informationViewController.swift; sourceTree = "<group>"; };
		3C1EE5A426641090001680C8 /* factsViewController.swift */ = {isa = PBXFileReference; lastKnownFileType = sourcecode.swift; path = factsViewController.swift; sourceTree = "<group>"; };
		3C1EE5A7266411BE001680C8 /* facts.swift */ = {isa = PBXFileReference; lastKnownFileType = sourcecode.swift; path = facts.swift; sourceTree = "<group>"; };
		3CCB6C3F26601A4900032866 /* Logon App.app */ = {isa = PBXFileReference; explicitFileType = wrapper.application; includeInIndex = 0; path = "Logon App.app"; sourceTree = BUILT_PRODUCTS_DIR; };
		3CCB6C4226601A4900032866 /* AppDelegate.swift */ = {isa = PBXFileReference; lastKnownFileType = sourcecode.swift; path = AppDelegate.swift; sourceTree = "<group>"; };
		3CCB6C4426601A4900032866 /* SceneDelegate.swift */ = {isa = PBXFileReference; lastKnownFileType = sourcecode.swift; path = SceneDelegate.swift; sourceTree = "<group>"; };
		3CCB6C4626601A4900032866 /* ViewController.swift */ = {isa = PBXFileReference; lastKnownFileType = sourcecode.swift; path = ViewController.swift; sourceTree = "<group>"; };
		3CCB6C4926601A4900032866 /* Base */ = {isa = PBXFileReference; lastKnownFileType = file.storyboard; name = Base; path = Base.lproj/Main.storyboard; sourceTree = "<group>"; };
		3CCB6C4B26601A4A00032866 /* Assets.xcassets */ = {isa = PBXFileReference; lastKnownFileType = folder.assetcatalog; path = Assets.xcassets; sourceTree = "<group>"; };
		3CCB6C4E26601A4A00032866 /* Base */ = {isa = PBXFileReference; lastKnownFileType = file.storyboard; name = Base; path = Base.lproj/LaunchScreen.storyboard; sourceTree = "<group>"; };
		3CCB6C5026601A4A00032866 /* Info.plist */ = {isa = PBXFileReference; lastKnownFileType = text.plist.xml; path = Info.plist; sourceTree = "<group>"; };
		3CE9E3322660BC990069A7FF /* welcomeViewController.swift */ = {isa = PBXFileReference; lastKnownFileType = sourcecode.swift; path = welcomeViewController.swift; sourceTree = "<group>"; };
/* End PBXFileReference section */

/* Begin PBXFrameworksBuildPhase section */
		3CCB6C3C26601A4900032866 /* Frameworks */ = {
			isa = PBXFrameworksBuildPhase;
			buildActionMask = 2147483647;
			files = (
			);
			runOnlyForDeploymentPostprocessing = 0;
		};
/* End PBXFrameworksBuildPhase section */

/* Begin PBXGroup section */
		3C461425266408DE0095D026 /* Models */ = {
			isa = PBXGroup;
			children = (
				3C1EE59E266409AD001680C8 /* Info.swift */,
				3C1EE5A7266411BE001680C8 /* facts.swift */,
			);
			path = Models;
			sourceTree = "<group>";
		};
		3CCB6C3626601A4900032866 = {
			isa = PBXGroup;
			children = (
				3CCB6C4126601A4900032866 /* Logon App */,
				3CCB6C4026601A4900032866 /* Products */,
			);
			sourceTree = "<group>";
		};
		3CCB6C4026601A4900032866 /* Products */ = {
			isa = PBXGroup;
			children = (
				3CCB6C3F26601A4900032866 /* Logon App.app */,
			);
			name = Products;
			sourceTree = "<group>";
		};
		3CCB6C4126601A4900032866 /* Logon App */ = {
			isa = PBXGroup;
			children = (
				3CCB6C4226601A4900032866 /* AppDelegate.swift */,
				3CCB6C4426601A4900032866 /* SceneDelegate.swift */,
				3CCB6C4626601A4900032866 /* ViewController.swift */,
				3C461425266408DE0095D026 /* Models */,
				3CCB6C4826601A4900032866 /* Main.storyboard */,
				3C1EE5A426641090001680C8 /* factsViewController.swift */,
				3C1EE5A126640C6E001680C8 /* informationViewController.swift */,
				3CE9E3322660BC990069A7FF /* welcomeViewController.swift */,
				3CCB6C4B26601A4A00032866 /* Assets.xcassets */,
				3CCB6C4D26601A4A00032866 /* LaunchScreen.storyboard */,
				3CCB6C5026601A4A00032866 /* Info.plist */,
			);
			path = "Logon App";
			sourceTree = "<group>";
		};
/* End PBXGroup section */

/* Begin PBXNativeTarget section */
		3CCB6C3E26601A4900032866 /* Logon App */ = {
			isa = PBXNativeTarget;
			buildConfigurationList = 3CCB6C5326601A4A00032866 /* Build configuration list for PBXNativeTarget "Logon App" */;
			buildPhases = (
				3CCB6C3B26601A4900032866 /* Sources */,
				3CCB6C3C26601A4900032866 /* Frameworks */,
				3CCB6C3D26601A4900032866 /* Resources */,
			);
			buildRules = (
			);
			dependencies = (
			);
			name = "Logon App";
			productName = "Logon App";
			productReference = 3CCB6C3F26601A4900032866 /* Logon App.app */;
			productType = "com.apple.product-type.application";
		};
/* End PBXNativeTarget section */

/* Begin PBXProject section */
		3CCB6C3726601A4900032866 /* Project object */ = {
			isa = PBXProject;
			attributes = {
				LastSwiftUpdateCheck = 1240;
				LastUpgradeCheck = 1240;
				TargetAttributes = {
					3CCB6C3E26601A4900032866 = {
						CreatedOnToolsVersion = 12.4;
					};
				};
			};
			buildConfigurationList = 3CCB6C3A26601A4900032866 /* Build configuration list for PBXProject "Logon App" */;
			compatibilityVersion = "Xcode 9.3";
			developmentRegion = en;
			hasScannedForEncodings = 0;
			knownRegions = (
				en,
				Base,
			);
			mainGroup = 3CCB6C3626601A4900032866;
			productRefGroup = 3CCB6C4026601A4900032866 /* Products */;
			projectDirPath = "";
			projectRoot = "";
			targets = (
				3CCB6C3E26601A4900032866 /* Logon App */,
			);
		};
/* End PBXProject section */

/* Begin PBXResourcesBuildPhase section */
		3CCB6C3D26601A4900032866 /* Resources */ = {
			isa = PBXResourcesBuildPhase;
			buildActionMask = 2147483647;
			files = (
				3CCB6C4F26601A4A00032866 /* LaunchScreen.storyboard in Resources */,
				3CCB6C4C26601A4A00032866 /* Assets.xcassets in Resources */,
				3CCB6C4A26601A4900032866 /* Main.storyboard in Resources */,
			);
			runOnlyForDeploymentPostprocessing = 0;
		};
/* End PBXResourcesBuildPhase section */

/* Begin PBXSourcesBuildPhase section */
		3CCB6C3B26601A4900032866 /* Sources */ = {
			isa = PBXSourcesBuildPhase;
			buildActionMask = 2147483647;
			files = (
				3CCB6C4726601A4900032866 /* ViewController.swift in Sources */,
				3CE9E3332660BC990069A7FF /* welcomeViewController.swift in Sources */,
				3C1EE5A526641090001680C8 /* factsViewController.swift in Sources */,
				3CCB6C4326601A4900032866 /* AppDelegate.swift in Sources */,
				3C1EE59F266409AD001680C8 /* Info.swift in Sources */,
				3CCB6C4526601A4900032866 /* SceneDelegate.swift in Sources */,
				3C1EE5A226640C6E001680C8 /* informationViewController.swift in Sources */,
				3C1EE5A8266411BE001680C8 /* facts.swift in Sources */,
			);
			runOnlyForDeploymentPostprocessing = 0;
		};
/* End PBXSourcesBuildPhase section */

/* Begin PBXVariantGroup section */
		3CCB6C4826601A4900032866 /* Main.storyboard */ = {
			isa = PBXVariantGroup;
			children = (
				3CCB6C4926601A4900032866 /* Base */,
			);
			name = Main.storyboard;
			sourceTree = "<group>";
		};
		3CCB6C4D26601A4A00032866 /* LaunchScreen.storyboard */ = {
			isa = PBXVariantGroup;
			children = (
				3CCB6C4E26601A4A00032866 /* Base */,
			);
			name = LaunchScreen.storyboard;
			sourceTree = "<group>";
		};
/* End PBXVariantGroup section */

/* Begin XCBuildConfiguration section */
		3CCB6C5126601A4A00032866 /* Debug */ = {
			isa = XCBuildConfiguration;
			buildSettings = {
				ALWAYS_SEARCH_USER_PATHS = NO;
				CLANG_ANALYZER_NONNULL = YES;
				CLANG_ANALYZER_NUMBER_OBJECT_CONVERSION = YES_AGGRESSIVE;
				CLANG_CXX_LANGUAGE_STANDARD = "gnu++14";
				CLANG_CXX_LIBRARY = "libc++";
				CLANG_ENABLE_MODULES = YES;
				CLANG_ENABLE_OBJC_ARC = YES;
				CLANG_ENABLE_OBJC_WEAK = YES;
				CLANG_WARN_BLOCK_CAPTURE_AUTORELEASING = YES;
				CLANG_WARN_BOOL_CONVERSION = YES;
				CLANG_WARN_COMMA = YES;
				CLANG_WARN_CONSTANT_CONVERSION = YES;
				CLANG_WARN_DEPRECATED_OBJC_IMPLEMENTATIONS = YES;
				CLANG_WARN_DIRECT_OBJC_ISA_USAGE = YES_ERROR;
				CLANG_WARN_DOCUMENTATION_COMMENTS = YES;
				CLANG_WARN_EMPTY_BODY = YES;
				CLANG_WARN_ENUM_CONVERSION = YES;
				CLANG_WARN_INFINITE_RECURSION = YES;
				CLANG_WARN_INT_CONVERSION = YES;
				CLANG_WARN_NON_LITERAL_NULL_CONVERSION = YES;
				CLANG_WARN_OBJC_IMPLICIT_RETAIN_SELF = YES;
				CLANG_WARN_OBJC_LITERAL_CONVERSION = YES;
				CLANG_WARN_OBJC_ROOT_CLASS = YES_ERROR;
				CLANG_WARN_QUOTED_INCLUDE_IN_FRAMEWORK_HEADER = YES;
				CLANG_WARN_RANGE_LOOP_ANALYSIS = YES;
				CLANG_WARN_STRICT_PROTOTYPES = YES;
				CLANG_WARN_SUSPICIOUS_MOVE = YES;
				CLANG_WARN_UNGUARDED_AVAILABILITY = YES_AGGRESSIVE;
				CLANG_WARN_UNREACHABLE_CODE = YES;
				CLANG_WARN__DUPLICATE_METHOD_MATCH = YES;
				COPY_PHASE_STRIP = NO;
				DEBUG_INFORMATION_FORMAT = dwarf;
				ENABLE_STRICT_OBJC_MSGSEND = YES;
				ENABLE_TESTABILITY = YES;
				GCC_C_LANGUAGE_STANDARD = gnu11;
				GCC_DYNAMIC_NO_PIC = NO;
				GCC_NO_COMMON_BLOCKS = YES;
				GCC_OPTIMIZATION_LEVEL = 0;
				GCC_PREPROCESSOR_DEFINITIONS = (
					"DEBUG=1",
					"$(inherited)",
				);
				GCC_WARN_64_TO_32_BIT_CONVERSION = YES;
				GCC_WARN_ABOUT_RETURN_TYPE = YES_ERROR;
				GCC_WARN_UNDECLARED_SELECTOR = YES;
				GCC_WARN_UNINITIALIZED_AUTOS = YES_AGGRESSIVE;
				GCC_WARN_UNUSED_FUNCTION = YES;
				GCC_WARN_UNUSED_VARIABLE = YES;
				IPHONEOS_DEPLOYMENT_TARGET = 14.4;
				MTL_ENABLE_DEBUG_INFO = INCLUDE_SOURCE;
				MTL_FAST_MATH = YES;
				ONLY_ACTIVE_ARCH = YES;
				SDKROOT = iphoneos;
				SWIFT_ACTIVE_COMPILATION_CONDITIONS = DEBUG;
				SWIFT_OPTIMIZATION_LEVEL = "-Onone";
			};
			name = Debug;
		};
		3CCB6C5226601A4A00032866 /* Release */ = {
			isa = XCBuildConfiguration;
			buildSettings = {
				ALWAYS_SEARCH_USER_PATHS = NO;
				CLANG_ANALYZER_NONNULL = YES;
				CLANG_ANALYZER_NUMBER_OBJECT_CONVERSION = YES_AGGRESSIVE;
				CLANG_CXX_LANGUAGE_STANDARD = "gnu++14";
				CLANG_CXX_LIBRARY = "libc++";
				CLANG_ENABLE_MODULES = YES;
				CLANG_ENABLE_OBJC_ARC = YES;
				CLANG_ENABLE_OBJC_WEAK = YES;
				CLANG_WARN_BLOCK_CAPTURE_AUTORELEASING = YES;
				CLANG_WARN_BOOL_CONVERSION = YES;
				CLANG_WARN_COMMA = YES;
				CLANG_WARN_CONSTANT_CONVERSION = YES;
				CLANG_WARN_DEPRECATED_OBJC_IMPLEMENTATIONS = YES;
				CLANG_WARN_DIRECT_OBJC_ISA_USAGE = YES_ERROR;
				CLANG_WARN_DOCUMENTATION_COMMENTS = YES;
				CLANG_WARN_EMPTY_BODY = YES;
				CLANG_WARN_ENUM_CONVERSION = YES;
				CLANG_WARN_INFINITE_RECURSION = YES;
				CLANG_WARN_INT_CONVERSION = YES;
				CLANG_WARN_NON_LITERAL_NULL_CONVERSION = YES;
				CLANG_WARN_OBJC_IMPLICIT_RETAIN_SELF = YES;
				CLANG_WARN_OBJC_LITERAL_CONVERSION = YES;
				CLANG_WARN_OBJC_ROOT_CLASS = YES_ERROR;
				CLANG_WARN_QUOTED_INCLUDE_IN_FRAMEWORK_HEADER = YES;
				CLANG_WARN_RANGE_LOOP_ANALYSIS = YES;
				CLANG_WARN_STRICT_PROTOTYPES = YES;
				CLANG_WARN_SUSPICIOUS_MOVE = YES;
				CLANG_WARN_UNGUARDED_AVAILABILITY = YES_AGGRESSIVE;
				CLANG_WARN_UNREACHABLE_CODE = YES;
				CLANG_WARN__DUPLICATE_METHOD_MATCH = YES;
				COPY_PHASE_STRIP = NO;
				DEBUG_INFORMATION_FORMAT = "dwarf-with-dsym";
				ENABLE_NS_ASSERTIONS = NO;
				ENABLE_STRICT_OBJC_MSGSEND = YES;
				GCC_C_LANGUAGE_STANDARD = gnu11;
				GCC_NO_COMMON_BLOCKS = YES;
				GCC_WARN_64_TO_32_BIT_CONVERSION = YES;
				GCC_WARN_ABOUT_RETURN_TYPE = YES_ERROR;
				GCC_WARN_UNDECLARED_SELECTOR = YES;
				GCC_WARN_UNINITIALIZED_AUTOS = YES_AGGRESSIVE;
				GCC_WARN_UNUSED_FUNCTION = YES;
				GCC_WARN_UNUSED_VARIABLE = YES;
				IPHONEOS_DEPLOYMENT_TARGET = 14.4;
				MTL_ENABLE_DEBUG_INFO = NO;
				MTL_FAST_MATH = YES;
				SDKROOT = iphoneos;
				SWIFT_COMPILATION_MODE = wholemodule;
				SWIFT_OPTIMIZATION_LEVEL = "-O";
				VALIDATE_PRODUCT = YES;
			};
			name = Release;
		};
		3CCB6C5426601A4A00032866 /* Debug */ = {
			isa = XCBuildConfiguration;
			buildSettings = {
				ASSETCATALOG_COMPILER_APPICON_NAME = AppIcon;
				ASSETCATALOG_COMPILER_GLOBAL_ACCENT_COLOR_NAME = AccentColor;
				CODE_SIGN_STYLE = Automatic;
				INFOPLIST_FILE = "Logon App/Info.plist";
				IPHONEOS_DEPLOYMENT_TARGET = 13.2;
				LD_RUNPATH_SEARCH_PATHS = (
					"$(inherited)",
					"@executable_path/Frameworks",
				);
				PRODUCT_BUNDLE_IDENTIFIER = "ru.Swiftbook.Logon-App";
				PRODUCT_NAME = "$(TARGET_NAME)";
				SWIFT_VERSION = 5.0;
				TARGETED_DEVICE_FAMILY = 1;
			};
			name = Debug;
		};
		3CCB6C5526601A4A00032866 /* Release */ = {
			isa = XCBuildConfiguration;
			buildSettings = {
				ASSETCATALOG_COMPILER_APPICON_NAME = AppIcon;
				ASSETCATALOG_COMPILER_GLOBAL_ACCENT_COLOR_NAME = AccentColor;
				CODE_SIGN_STYLE = Automatic;
				INFOPLIST_FILE = "Logon App/Info.plist";
				IPHONEOS_DEPLOYMENT_TARGET = 13.2;
				LD_RUNPATH_SEARCH_PATHS = (
					"$(inherited)",
					"@executable_path/Frameworks",
				);
				PRODUCT_BUNDLE_IDENTIFIER = "ru.Swiftbook.Logon-App";
				PRODUCT_NAME = "$(TARGET_NAME)";
				SWIFT_VERSION = 5.0;
				TARGETED_DEVICE_FAMILY = 1;
			};
			name = Release;
		};
/* End XCBuildConfiguration section */

/* Begin XCConfigurationList section */
		3CCB6C3A26601A4900032866 /* Build configuration list for PBXProject "Logon App" */ = {
			isa = XCConfigurationList;
			buildConfigurations = (
				3CCB6C5126601A4A00032866 /* Debug */,
				3CCB6C5226601A4A00032866 /* Release */,
			);
			defaultConfigurationIsVisible = 0;
			defaultConfigurationName = Release;
		};
		3CCB6C5326601A4A00032866 /* Build configuration list for PBXNativeTarget "Logon App" */ = {
			isa = XCConfigurationList;
			buildConfigurations = (
				3CCB6C5426601A4A00032866 /* Debug */,
				3CCB6C5526601A4A00032866 /* Release */,
			);
			defaultConfigurationIsVisible = 0;
			defaultConfigurationName = Release;
		};
/* End XCConfigurationList section */
	};
	rootObject = 3CCB6C3726601A4900032866 /* Project object */;
}
